
Microsoft Visual Studio Solution File, Format Version 12.00
# Visual Studio 2012
Project("{FAE04EC0-301F-11D3-BF4B-00C04F79EFBC}") = "RACASem6", "RACASem6\RACASem6.csproj", "{FDADBE7A-237B-41DB-ABEE-CE2C0A60CDFD}"
EndProject
Global
	GlobalSection(SolutionConfigurationPlatforms) = preSolution
		Debug|Any CPU = Debug|Any CPU
		Release|Any CPU = Release|Any CPU
	EndGlobalSection
	GlobalSection(ProjectConfigurationPlatforms) = postSolution
		{FDADBE7A-237B-41DB-ABEE-CE2C0A60CDFD}.Debug|Any CPU.ActiveCfg = Debug|Any CPU
		{FDADBE7A-237B-41DB-ABEE-CE2C0A60CDFD}.Debug|Any CPU.Build.0 = Debug|Any CPU
		{FDADBE7A-237B-41DB-ABEE-CE2C0A60CDFD}.Release|Any CPU.ActiveCfg = Release|Any CPU
		{FDADBE7A-237B-41DB-ABEE-CE2C0A60CDFD}.Release|Any CPU.Build.0 = Release|Any CPU
	EndGlobalSection
	GlobalSection(SolutionProperties) = preSolution
		HideSolutionNode = FALSE
	EndGlobalSection
EndGlobal
